
Microsoft Visual Studio Solution File, Format Version 12.00
# Visual Studio Version 17
VisualStudioVersion = 17.1.32328.378
MinimumVisualStudioVersion = 10.0.40219.1
Project("{9A19103F-16F7-4668-BE54-9A1E7A4F7556}") = "ChuckNorrisJokeApp", "ChuckNorrisJokeApp\ChuckNorrisJokeApp.csproj", "{0A9D5B01-364D-486C-ABD7-2145E33D6F69}"
EndProject
Global
	GlobalSection(SolutionConfigurationPlatforms) = preSolution
		Debug|Any CPU = Debug|Any CPU
		Release|Any CPU = Release|Any CPU
	EndGlobalSection
	GlobalSection(ProjectConfigurationPlatforms) = postSolution
		{0A9D5B01-364D-486C-ABD7-2145E33D6F69}.Debug|Any CPU.ActiveCfg = Debug|Any CPU
		{0A9D5B01-364D-486C-ABD7-2145E33D6F69}.Debug|Any CPU.Build.0 = Debug|Any CPU
		{0A9D5B01-364D-486C-ABD7-2145E33D6F69}.Release|Any CPU.ActiveCfg = Release|Any CPU
		{0A9D5B01-364D-486C-ABD7-2145E33D6F69}.Release|Any CPU.Build.0 = Release|Any CPU
	EndGlobalSection
	GlobalSection(SolutionProperties) = preSolution
		HideSolutionNode = FALSE
	EndGlobalSection
	GlobalSection(ExtensibilityGlobals) = postSolution
		SolutionGuid = {FD2ABEEE-C8FB-4EE8-8125-4D09F210E726}
	EndGlobalSection
EndGlobal
